# This file is automatically @generated by Wally.
# It is not intended for manual editing.
registry = "test"

[[package]]
name = "ernisto/replication"
version = "0.1.2"
dependencies = [["Promise", "lukadev-0/typed-promise@4.0.2"], ["Signal", "ernisto/signal@0.1.1"], ["Wrapper", "ernisto/wrapper@0.4.1"]]

[[package]]
name = "ernisto/signal"
version = "0.1.1"
dependencies = []

[[package]]
name = "ernisto/wrapper"
version = "0.4.1"
dependencies = [["Signal", "ernisto/signal@0.1.1"]]

[[package]]
name = "evaera/promise"
version = "4.0.0"
dependencies = []

[[package]]
name = "leonidiojose/replicator"
version = "1.0.1"
dependencies = [["Signal", "ernisto/signal@0.1.1"], ["Wrapper", "ernisto/wrapper@0.4.1"]]

[[package]]
name = "lukadev-0/typed-promise"
version = "4.0.2"
dependencies = [["Promise", "evaera/promise@4.0.0"]]

[[package]]
name = "pichau/dangeroussky2"
version = "0.1.0"
dependencies = [["Replication", "ernisto/replication@0.1.2"], ["Replicator", "leonidiojose/replicator@1.0.1"], ["Signal", "ernisto/signal@0.1.1"], ["Wrapper", "ernisto/wrapper@0.4.1"]]
